
Microsoft Visual Studio Solution File, Format Version 12.00
# Visual Studio 14
VisualStudioVersion = 14.0.25420.1
MinimumVisualStudioVersion = 10.0.40219.1
Project("{2150E333-8FDC-42A3-9474-1A3956D46DE8}") = "01.UI", "01.UI", "{637DBD8B-DC2A-4264-86CD-66A0DA0B06DD}"
EndProject
Project("{2150E333-8FDC-42A3-9474-1A3956D46DE8}") = "04.Model", "04.Model", "{E6E5031E-EF37-48DE-93CC-C3C143193F9D}"
EndProject
Project("{2150E333-8FDC-42A3-9474-1A3956D46DE8}") = "03.DAL", "03.DAL", "{8A595EF9-6824-491D-AD48-D6CEEAC0D033}"
EndProject
Project("{2150E333-8FDC-42A3-9474-1A3956D46DE8}") = "02.BLL", "02.BLL", "{CE287C85-60B1-4036-AE7E-0A4AAE858BA8}"
EndProject
Project("{FAE04EC0-301F-11D3-BF4B-00C04F79EFBC}") = "SkyCar.Coeus.DAL", "03.DAL\SkyCar.Coeus.DAL.csproj", "{11EFCEA2-CE88-4605-904F-BE66A5F0E99E}"
EndProject
Project("{2150E333-8FDC-42A3-9474-1A3956D46DE8}") = "05.Common", "05.Common", "{B01BE7A9-167B-4842-8AE3-F5F30CFE7A4E}"
EndProject
Project("{FAE04EC0-301F-11D3-BF4B-00C04F79EFBC}") = "SkyCar.Coeus.Common.Const", "05.Common\SkyCar.Coeus.Common.Const\SkyCar.Coeus.Common.Const.csproj", "{B73B6292-4BB9-44BA-ADB3-38AE836C3BA4}"
EndProject
Project("{FAE04EC0-301F-11D3-BF4B-00C04F79EFBC}") = "SkyCar.Coeus.Common.Enums", "05.Common\SkyCar.Coeus.Common.Enums\SkyCar.Coeus.Common.Enums.csproj", "{D5165FCE-81CA-4178-B620-55C33C32CFFA}"
EndProject
Project("{FAE04EC0-301F-11D3-BF4B-00C04F79EFBC}") = "SkyCar.Common.RedisHelp", "05.Common\SkyCar.Common.RedisHelp\SkyCar.Common.RedisHelp.csproj", "{73FEA5FA-3BA5-4FCC-B677-DF42EF9AAB8F}"
EndProject
Project("{FAE04EC0-301F-11D3-BF4B-00C04F79EFBC}") = "SkyCar.Coeus.Common.Log", "05.Common\SkyCar.Coeus.Common.Log\SkyCar.Coeus.Common.Log.csproj", "{28B83D74-DC74-452B-8C29-D856BD4E663F}"
EndProject
Project("{FAE04EC0-301F-11D3-BF4B-00C04F79EFBC}") = "SkyCar.Coeus.BLL.Common", "02.BLL\SkyCar.Coeus.BLL.Common\SkyCar.Coeus.BLL.Common.csproj", "{1B5D4295-A8DD-4CE9-8A09-156DBB02C1B6}"
EndProject
Project("{FAE04EC0-301F-11D3-BF4B-00C04F79EFBC}") = "SkyCar.Coeus.ComModel", "04.Model\SkyCar.Coeus.ComModel\SkyCar.Coeus.ComModel.csproj", "{9B4A8412-11FB-4224-AF04-1F4157C443B3}"
EndProject
Project("{FAE04EC0-301F-11D3-BF4B-00C04F79EFBC}") = "SkyCar.Coeus.TBModel", "04.Model\SkyCar.Coeus.Model.TBModel\SkyCar.Coeus.TBModel.csproj", "{962CE42F-618F-439D-A6FB-B0AE0C762C3C}"
EndProject
Project("{FAE04EC0-301F-11D3-BF4B-00C04F79EFBC}") = "SkyCar.Coeus.UI.Common", "01.UI\SkyCar.Coeus.UI.Com\SkyCar.Coeus.UI.Common.csproj", "{41722007-4492-4FF5-B21D-586E3C54BEC2}"
EndProject
Project("{FAE04EC0-301F-11D3-BF4B-00C04F79EFBC}") = "SkyCar.Coeus.UI.BS", "01.UI\SkyCar.Coeus.UI.BS\SkyCar.Coeus.UI.BS.csproj", "{9F03A749-0778-48D1-B8F2-09B1DA439548}"
EndProject
Project("{FAE04EC0-301F-11D3-BF4B-00C04F79EFBC}") = "SkyCar.Coeus.UI.SM", "01.UI\SkyCar.Coeus.UI.SM\SkyCar.Coeus.UI.SM.csproj", "{0EFCBF6B-92C2-418C-A31A-EECAC02E1B87}"
EndProject
Project("{FAE04EC0-301F-11D3-BF4B-00C04F79EFBC}") = "SkyCar.Coeus.UI.FM", "01.UI\SkyCar.Coeus.UI.FM\SkyCar.Coeus.UI.FM.csproj", "{F2D7A07D-D089-43CD-AAF7-31ABD9F6DEF9}"
EndProject
Project("{FAE04EC0-301F-11D3-BF4B-00C04F79EFBC}") = "SkyCar.Coeus.UI.PIS", "01.UI\SkyCar.Coeus.UI.PIS\SkyCar.Coeus.UI.PIS.csproj", "{C3046B97-4D68-4DF1-A2EA-BA3B39A0F97C}"
EndProject
Project("{FAE04EC0-301F-11D3-BF4B-00C04F79EFBC}") = "SkyCar.Coeus.UI.WC", "01.UI\SkyCar.Coeus.UI.WC\SkyCar.Coeus.UI.WC.csproj", "{69D132D9-3DFF-4484-8F91-D3E5D4A6A791}"
EndProject
Project("{FAE04EC0-301F-11D3-BF4B-00C04F79EFBC}") = "SkyCar.Coeus.UI.SD", "01.UI\SkyCar.Coeus.UI.SD\SkyCar.Coeus.UI.SD.csproj", "{933128A4-D800-4004-A317-BCB20B8EF69E}"
EndProject
Project("{FAE04EC0-301F-11D3-BF4B-00C04F79EFBC}") = "SkyCar.Coeus.UI.RPT", "01.UI\SkyCar.Coeus.UI.RPT\SkyCar.Coeus.UI.RPT.csproj", "{B3E4107C-D0D2-48F8-A8BF-A2E8B7396742}"
EndProject
Project("{FAE04EC0-301F-11D3-BF4B-00C04F79EFBC}") = "SkyCar.Coeus.BLL.BS", "02.BLL\SkyCar.Coeus.BLL.BS\SkyCar.Coeus.BLL.BS.csproj", "{F2F59EBE-A276-4D7E-94BA-34E7E7FC2C86}"
EndProject
Project("{FAE04EC0-301F-11D3-BF4B-00C04F79EFBC}") = "SkyCar.Coeus.BLL.SM", "02.BLL\SkyCar.Coeus.BLL.SM\SkyCar.Coeus.BLL.SM.csproj", "{6A6163DF-4F51-4ED8-9A96-C8F41B93A7A6}"
EndProject
Project("{FAE04EC0-301F-11D3-BF4B-00C04F79EFBC}") = "SkyCar.Coeus.BLL.FM", "02.BLL\SkyCar.Coeus.BLL.FM\SkyCar.Coeus.BLL.FM.csproj", "{608515C3-42E0-49A9-9895-8CA02592A70D}"
EndProject
Project("{FAE04EC0-301F-11D3-BF4B-00C04F79EFBC}") = "SkyCar.Coeus.BLL.PIS", "02.BLL\SkyCar.Coeus.BLL.PIS\SkyCar.Coeus.BLL.PIS.csproj", "{6C994E26-AF39-4774-BE22-4AFF82586F23}"
EndProject
Project("{FAE04EC0-301F-11D3-BF4B-00C04F79EFBC}") = "SkyCar.Coeus.BLL.WC", "02.BLL\SkyCar.Coeus.BLL.WC\SkyCar.Coeus.BLL.WC.csproj", "{9C88A13A-578B-4702-9B7E-426F57B04B82}"
EndProject
Project("{FAE04EC0-301F-11D3-BF4B-00C04F79EFBC}") = "SkyCar.Coeus.BLL.SD", "02.BLL\SkyCar.Coeus.BLL.SD\SkyCar.Coeus.BLL.SD.csproj", "{80E9E90A-FC89-47ED-B08B-7595C386C97E}"
EndProject
Project("{FAE04EC0-301F-11D3-BF4B-00C04F79EFBC}") = "SkyCar.Coeus.BLL.RPT", "02.BLL\SkyCar.Coeus.BLL.RPT\SkyCar.Coeus.BLL.RPT.csproj", "{8351C724-8E2E-4B11-A078-831CD8243D6B}"
EndProject
Project("{FAE04EC0-301F-11D3-BF4B-00C04F79EFBC}") = "SkyCar.Coeus.UIModel.Common", "04.Model\SkyCar.Coeus.UIModel.Common\SkyCar.Coeus.UIModel.Common.csproj", "{E0EE606A-680E-4050-AE66-446E7CF50DC3}"
EndProject
Project("{FAE04EC0-301F-11D3-BF4B-00C04F79EFBC}") = "SkyCar.Coeus.UIModel.BS", "04.Model\SkyCar.Coeus.UIModel.BS\SkyCar.Coeus.UIModel.BS.csproj", "{0EE5707D-AD84-4BCC-9654-D645D25CA3FA}"
EndProject
Project("{FAE04EC0-301F-11D3-BF4B-00C04F79EFBC}") = "SkyCar.Coeus.UIModel.SM", "04.Model\SkyCar.Coeus.UIModel.SM\SkyCar.Coeus.UIModel.SM.csproj", "{F5AB0F9D-0819-483B-8A46-5E50D892B65C}"
EndProject
Project("{FAE04EC0-301F-11D3-BF4B-00C04F79EFBC}") = "SkyCar.Coeus.UIModel.FM", "04.Model\SkyCar.Coeus.UIModel.FM\SkyCar.Coeus.UIModel.FM.csproj", "{CD8D0C07-7BD6-45C7-AFC3-83C8233498E5}"
EndProject
Project("{FAE04EC0-301F-11D3-BF4B-00C04F79EFBC}") = "SkyCar.Coeus.UIModel.PIS", "04.Model\SkyCar.Coeus.UIModel.PIS\SkyCar.Coeus.UIModel.PIS.csproj", "{93AACAC3-7C0F-4807-A15C-B4D208F171F6}"
EndProject
Project("{FAE04EC0-301F-11D3-BF4B-00C04F79EFBC}") = "SkyCar.Coeus.UIModel.WC", "04.Model\SkyCar.Coeus.UIModel.WC\SkyCar.Coeus.UIModel.WC.csproj", "{81A103B4-2DD3-427F-8DDF-7559B69CD716}"
EndProject
Project("{FAE04EC0-301F-11D3-BF4B-00C04F79EFBC}") = "SkyCar.Coeus.UIModel.SD", "04.Model\SkyCar.Coeus.UIModel.SD\SkyCar.Coeus.UIModel.SD.csproj", "{137CB017-C588-4070-9BC3-E739760958D8}"
EndProject
Project("{FAE04EC0-301F-11D3-BF4B-00C04F79EFBC}") = "SkyCar.Coeus.UIModel.RPT", "04.Model\SkyCar.Coeus.UIModel.RPT\SkyCar.Coeus.UIModel.RPT.csproj", "{FC4004AA-187D-4B63-A4BD-AA9CDB3DAC55}"
EndProject
Project("{FAE04EC0-301F-11D3-BF4B-00C04F79EFBC}") = "SkyCar.Coeus.UI.Base", "01.UI\SkyCar.Coeus.UI.BS.Base\SkyCar.Coeus.UI.Base.csproj", "{EE585057-FBA8-4023-99D7-11C5F6390D7A}"
EndProject
Project("{FAE04EC0-301F-11D3-BF4B-00C04F79EFBC}") = "SkyCar.Coeus.Ult.Entrance", "00.Entrance\SkyCar.Coeus.Ult.Entrance.csproj", "{EC182409-4F3E-4E42-A1B2-798E65C1AFBD}"
EndProject
Project("{FAE04EC0-301F-11D3-BF4B-00C04F79EFBC}") = "SkyCar.Coeus.Common.ExtendClass", "05.Common\SkyCar.Coeus.Common.ExtendClass\SkyCar.Coeus.Common.ExtendClass.csproj", "{BB67629C-4FE0-415B-9B9E-24872E8C2121}"
EndProject
Project("{FAE04EC0-301F-11D3-BF4B-00C04F79EFBC}") = "SkyCar.Framework.WindowUI", "05.Common\SkyCar.Framework.WindowUI\SkyCar.Framework.WindowUI.csproj", "{E8746B10-EAAF-44B7-95CC-29E4C42EC8D5}"
EndProject
Project("{FAE04EC0-301F-11D3-BF4B-00C04F79EFBC}") = "SkyCar.Coeus.Common.Message", "05.Common\SkyCar.Coeus.Common.Message\SkyCar.Coeus.Common.Message.csproj", "{953A6848-58D6-4480-B333-DC2514711074}"
EndProject
Project("{2150E333-8FDC-42A3-9474-1A3956D46DE8}") = "06.Update", "06.Update", "{9FCB338D-F8F5-4998-90B1-A98FC08468E4}"
EndProject
Project("{FAE04EC0-301F-11D3-BF4B-00C04F79EFBC}") = "SkyCar.Coeus.UpdateClient", "06.Update\SkyCar.Venus.UpdateClient\SkyCar.Coeus.UpdateClient.csproj", "{6AECE640-3953-45FA-B5C6-412753440072}"
EndProject
Project("{FAE04EC0-301F-11D3-BF4B-00C04F79EFBC}") = "SkyCar.Coeus.UpdateServer", "06.Update\SkyCar.Venus.UpdateServer\SkyCar.Coeus.UpdateServer.csproj", "{D15DD537-8D27-48C3-9CB1-05546FCBB89E}"
EndProject
Project("{FAE04EC0-301F-11D3-BF4B-00C04F79EFBC}") = "SkyCar.Coeus.UI.RIA", "01.UI\SkyCar.Coeus.UI.RIA\SkyCar.Coeus.UI.RIA.csproj", "{6B67DE73-C62A-46B9-8E85-8AA722001AD7}"
EndProject
Project("{FAE04EC0-301F-11D3-BF4B-00C04F79EFBC}") = "SkyCar.Coeus.BLL.RIA", "02.BLL\SkyCar.Coeus.BLL.RIA\SkyCar.Coeus.BLL.RIA.csproj", "{DE57F169-7E81-482F-9FDB-63775EE55326}"
EndProject
Project("{FAE04EC0-301F-11D3-BF4B-00C04F79EFBC}") = "SkyCar.Coeus.UIModel.RIA", "04.Model\SkyCar.Coeus.UIModel.RIA\SkyCar.Coeus.UIModel.RIA.csproj", "{CB67AE6D-5929-40C0-8140-9BA589530127}"
EndProject
Project("{FAE04EC0-301F-11D3-BF4B-00C04F79EFBC}") = "SkyCar.Coeus.Common.CustomControl", "05.Common\SkyCar.Coeus.Common.CustomControl\SkyCar.Coeus.Common.CustomControl.csproj", "{C7838A9E-0A09-4E51-A42C-3B5FF767BE1E}"
EndProject
Project("{FAE04EC0-301F-11D3-BF4B-00C04F79EFBC}") = "SkyCar.Coeus.Common.FileIO", "05.Common\SkyCar.Coeus.Common.FileIO\SkyCar.Coeus.Common.FileIO.csproj", "{4D3A5CE3-959C-40C1-B113-E880584A1FFA}"
EndProject
Project("{FAE04EC0-301F-11D3-BF4B-00C04F79EFBC}") = "SkyCar.Coeus.UI.IS", "01.UI\SkyCar.Coeus.UI.IS\SkyCar.Coeus.UI.IS.csproj", "{93F3F03D-93AD-4BEF-A470-11D107E427B1}"
EndProject
Project("{FAE04EC0-301F-11D3-BF4B-00C04F79EFBC}") = "SkyCar.Coeus.BLL.IS", "02.BLL\SkyCar.Coeus.BLL.IS\SkyCar.Coeus.BLL.IS.csproj", "{0395348A-4405-4D04-B5AC-436BA610513F}"
EndProject
Project("{FAE04EC0-301F-11D3-BF4B-00C04F79EFBC}") = "SkyCar.Coeus.UIModel.IS", "04.Model\SkyCar.Coeus.UIModel.IS\SkyCar.Coeus.UIModel.IS.csproj", "{B967F1E9-B435-40FA-8FF5-BDA930CB79C6}"
EndProject
Global
	GlobalSection(SolutionConfigurationPlatforms) = preSolution
		Debug|Any CPU = Debug|Any CPU
		Debug|x64 = Debug|x64
		Debug|x86 = Debug|x86
		Release|Any CPU = Release|Any CPU
		Release|x64 = Release|x64
		Release|x86 = Release|x86
	EndGlobalSection
	GlobalSection(ProjectConfigurationPlatforms) = postSolution
		{11EFCEA2-CE88-4605-904F-BE66A5F0E99E}.Debug|Any CPU.ActiveCfg = Debug|Any CPU
		{11EFCEA2-CE88-4605-904F-BE66A5F0E99E}.Debug|Any CPU.Build.0 = Debug|Any CPU
		{11EFCEA2-CE88-4605-904F-BE66A5F0E99E}.Debug|x64.ActiveCfg = Debug|Any CPU
		{11EFCEA2-CE88-4605-904F-BE66A5F0E99E}.Debug|x64.Build.0 = Debug|Any CPU
		{11EFCEA2-CE88-4605-904F-BE66A5F0E99E}.Debug|x86.ActiveCfg = Debug|x86
		{11EFCEA2-CE88-4605-904F-BE66A5F0E99E}.Debug|x86.Build.0 = Debug|x86
		{11EFCEA2-CE88-4605-904F-BE66A5F0E99E}.Release|Any CPU.ActiveCfg = Release|Any CPU
		{11EFCEA2-CE88-4605-904F-BE66A5F0E99E}.Release|Any CPU.Build.0 = Release|Any CPU
		{11EFCEA2-CE88-4605-904F-BE66A5F0E99E}.Release|x64.ActiveCfg = Release|Any CPU
		{11EFCEA2-CE88-4605-904F-BE66A5F0E99E}.Release|x64.Build.0 = Release|Any CPU
		{11EFCEA2-CE88-4605-904F-BE66A5F0E99E}.Release|x86.ActiveCfg = Release|x86
		{11EFCEA2-CE88-4605-904F-BE66A5F0E99E}.Release|x86.Build.0 = Release|x86
		{B73B6292-4BB9-44BA-ADB3-38AE836C3BA4}.Debug|Any CPU.ActiveCfg = Debug|Any CPU
		{B73B6292-4BB9-44BA-ADB3-38AE836C3BA4}.Debug|Any CPU.Build.0 = Debug|Any CPU
		{B73B6292-4BB9-44BA-ADB3-38AE836C3BA4}.Debug|x64.ActiveCfg = Debug|Any CPU
		{B73B6292-4BB9-44BA-ADB3-38AE836C3BA4}.Debug|x64.Build.0 = Debug|Any CPU
		{B73B6292-4BB9-44BA-ADB3-38AE836C3BA4}.Debug|x86.ActiveCfg = Debug|x86
		{B73B6292-4BB9-44BA-ADB3-38AE836C3BA4}.Debug|x86.Build.0 = Debug|x86
		{B73B6292-4BB9-44BA-ADB3-38AE836C3BA4}.Release|Any CPU.ActiveCfg = Release|Any CPU
		{B73B6292-4BB9-44BA-ADB3-38AE836C3BA4}.Release|Any CPU.Build.0 = Release|Any CPU
		{B73B6292-4BB9-44BA-ADB3-38AE836C3BA4}.Release|x64.ActiveCfg = Release|Any CPU
		{B73B6292-4BB9-44BA-ADB3-38AE836C3BA4}.Release|x64.Build.0 = Release|Any CPU
		{B73B6292-4BB9-44BA-ADB3-38AE836C3BA4}.Release|x86.ActiveCfg = Release|x86
		{B73B6292-4BB9-44BA-ADB3-38AE836C3BA4}.Release|x86.Build.0 = Release|x86
		{D5165FCE-81CA-4178-B620-55C33C32CFFA}.Debug|Any CPU.ActiveCfg = Debug|Any CPU
		{D5165FCE-81CA-4178-B620-55C33C32CFFA}.Debug|Any CPU.Build.0 = Debug|Any CPU
		{D5165FCE-81CA-4178-B620-55C33C32CFFA}.Debug|x64.ActiveCfg = Debug|Any CPU
		{D5165FCE-81CA-4178-B620-55C33C32CFFA}.Debug|x64.Build.0 = Debug|Any CPU
		{D5165FCE-81CA-4178-B620-55C33C32CFFA}.Debug|x86.ActiveCfg = Debug|x86
		{D5165FCE-81CA-4178-B620-55C33C32CFFA}.Debug|x86.Build.0 = Debug|x86
		{D5165FCE-81CA-4178-B620-55C33C32CFFA}.Release|Any CPU.ActiveCfg = Release|Any CPU
		{D5165FCE-81CA-4178-B620-55C33C32CFFA}.Release|Any CPU.Build.0 = Release|Any CPU
		{D5165FCE-81CA-4178-B620-55C33C32CFFA}.Release|x64.ActiveCfg = Release|Any CPU
		{D5165FCE-81CA-4178-B620-55C33C32CFFA}.Release|x64.Build.0 = Release|Any CPU
		{D5165FCE-81CA-4178-B620-55C33C32CFFA}.Release|x86.ActiveCfg = Release|x86
		{D5165FCE-81CA-4178-B620-55C33C32CFFA}.Release|x86.Build.0 = Release|x86
		{73FEA5FA-3BA5-4FCC-B677-DF42EF9AAB8F}.Debug|Any CPU.ActiveCfg = Debug|Any CPU
		{73FEA5FA-3BA5-4FCC-B677-DF42EF9AAB8F}.Debug|Any CPU.Build.0 = Debug|Any CPU
		{73FEA5FA-3BA5-4FCC-B677-DF42EF9AAB8F}.Debug|x64.ActiveCfg = Debug|Any CPU
		{73FEA5FA-3BA5-4FCC-B677-DF42EF9AAB8F}.Debug|x64.Build.0 = Debug|Any CPU
		{73FEA5FA-3BA5-4FCC-B677-DF42EF9AAB8F}.Debug|x86.ActiveCfg = Debug|x86
		{73FEA5FA-3BA5-4FCC-B677-DF42EF9AAB8F}.Debug|x86.Build.0 = Debug|x86
		{73FEA5FA-3BA5-4FCC-B677-DF42EF9AAB8F}.Release|Any CPU.ActiveCfg = Release|Any CPU
		{73FEA5FA-3BA5-4FCC-B677-DF42EF9AAB8F}.Release|Any CPU.Build.0 = Release|Any CPU
		{73FEA5FA-3BA5-4FCC-B677-DF42EF9AAB8F}.Release|x64.ActiveCfg = Release|Any CPU
		{73FEA5FA-3BA5-4FCC-B677-DF42EF9AAB8F}.Release|x64.Build.0 = Release|Any CPU
		{73FEA5FA-3BA5-4FCC-B677-DF42EF9AAB8F}.Release|x86.ActiveCfg = Release|x86
		{73FEA5FA-3BA5-4FCC-B677-DF42EF9AAB8F}.Release|x86.Build.0 = Release|x86
		{28B83D74-DC74-452B-8C29-D856BD4E663F}.Debug|Any CPU.ActiveCfg = Debug|Any CPU
		{28B83D74-DC74-452B-8C29-D856BD4E663F}.Debug|Any CPU.Build.0 = Debug|Any CPU
		{28B83D74-DC74-452B-8C29-D856BD4E663F}.Debug|x64.ActiveCfg = Debug|Any CPU
		{28B83D74-DC74-452B-8C29-D856BD4E663F}.Debug|x64.Build.0 = Debug|Any CPU
		{28B83D74-DC74-452B-8C29-D856BD4E663F}.Debug|x86.ActiveCfg = Debug|x86
		{28B83D74-DC74-452B-8C29-D856BD4E663F}.Debug|x86.Build.0 = Debug|x86
		{28B83D74-DC74-452B-8C29-D856BD4E663F}.Release|Any CPU.ActiveCfg = Release|Any CPU
		{28B83D74-DC74-452B-8C29-D856BD4E663F}.Release|Any CPU.Build.0 = Release|Any CPU
		{28B83D74-DC74-452B-8C29-D856BD4E663F}.Release|x64.ActiveCfg = Release|Any CPU
		{28B83D74-DC74-452B-8C29-D856BD4E663F}.Release|x64.Build.0 = Release|Any CPU
		{28B83D74-DC74-452B-8C29-D856BD4E663F}.Release|x86.ActiveCfg = Release|x86
		{28B83D74-DC74-452B-8C29-D856BD4E663F}.Release|x86.Build.0 = Release|x86
		{1B5D4295-A8DD-4CE9-8A09-156DBB02C1B6}.Debug|Any CPU.ActiveCfg = Debug|Any CPU
		{1B5D4295-A8DD-4CE9-8A09-156DBB02C1B6}.Debug|Any CPU.Build.0 = Debug|Any CPU
		{1B5D4295-A8DD-4CE9-8A09-156DBB02C1B6}.Debug|x64.ActiveCfg = Debug|Any CPU
		{1B5D4295-A8DD-4CE9-8A09-156DBB02C1B6}.Debug|x64.Build.0 = Debug|Any CPU
		{1B5D4295-A8DD-4CE9-8A09-156DBB02C1B6}.Debug|x86.ActiveCfg = Debug|x86
		{1B5D4295-A8DD-4CE9-8A09-156DBB02C1B6}.Debug|x86.Build.0 = Debug|x86
		{1B5D4295-A8DD-4CE9-8A09-156DBB02C1B6}.Release|Any CPU.ActiveCfg = Release|Any CPU
		{1B5D4295-A8DD-4CE9-8A09-156DBB02C1B6}.Release|Any CPU.Build.0 = Release|Any CPU
		{1B5D4295-A8DD-4CE9-8A09-156DBB02C1B6}.Release|x64.ActiveCfg = Release|Any CPU
		{1B5D4295-A8DD-4CE9-8A09-156DBB02C1B6}.Release|x64.Build.0 = Release|Any CPU
		{1B5D4295-A8DD-4CE9-8A09-156DBB02C1B6}.Release|x86.ActiveCfg = Release|x86
		{1B5D4295-A8DD-4CE9-8A09-156DBB02C1B6}.Release|x86.Build.0 = Release|x86
		{9B4A8412-11FB-4224-AF04-1F4157C443B3}.Debug|Any CPU.ActiveCfg = Debug|Any CPU
		{9B4A8412-11FB-4224-AF04-1F4157C443B3}.Debug|Any CPU.Build.0 = Debug|Any CPU
		{9B4A8412-11FB-4224-AF04-1F4157C443B3}.Debug|x64.ActiveCfg = Debug|Any CPU
		{9B4A8412-11FB-4224-AF04-1F4157C443B3}.Debug|x64.Build.0 = Debug|Any CPU
		{9B4A8412-11FB-4224-AF04-1F4157C443B3}.Debug|x86.ActiveCfg = Debug|x86
		{9B4A8412-11FB-4224-AF04-1F4157C443B3}.Debug|x86.Build.0 = Debug|x86
		{9B4A8412-11FB-4224-AF04-1F4157C443B3}.Release|Any CPU.ActiveCfg = Release|Any CPU
		{9B4A8412-11FB-4224-AF04-1F4157C443B3}.Release|Any CPU.Build.0 = Release|Any CPU
		{9B4A8412-11FB-4224-AF04-1F4157C443B3}.Release|x64.ActiveCfg = Release|Any CPU
		{9B4A8412-11FB-4224-AF04-1F4157C443B3}.Release|x64.Build.0 = Release|Any CPU
		{9B4A8412-11FB-4224-AF04-1F4157C443B3}.Release|x86.ActiveCfg = Release|x86
		{9B4A8412-11FB-4224-AF04-1F4157C443B3}.Release|x86.Build.0 = Release|x86
		{962CE42F-618F-439D-A6FB-B0AE0C762C3C}.Debug|Any CPU.ActiveCfg = Debug|Any CPU
		{962CE42F-618F-439D-A6FB-B0AE0C762C3C}.Debug|Any CPU.Build.0 = Debug|Any CPU
		{962CE42F-618F-439D-A6FB-B0AE0C762C3C}.Debug|x64.ActiveCfg = Debug|Any CPU
		{962CE42F-618F-439D-A6FB-B0AE0C762C3C}.Debug|x64.Build.0 = Debug|Any CPU
		{962CE42F-618F-439D-A6FB-B0AE0C762C3C}.Debug|x86.ActiveCfg = Debug|x86
		{962CE42F-618F-439D-A6FB-B0AE0C762C3C}.Debug|x86.Build.0 = Debug|x86
		{962CE42F-618F-439D-A6FB-B0AE0C762C3C}.Release|Any CPU.ActiveCfg = Release|Any CPU
		{962CE42F-618F-439D-A6FB-B0AE0C762C3C}.Release|Any CPU.Build.0 = Release|Any CPU
		{962CE42F-618F-439D-A6FB-B0AE0C762C3C}.Release|x64.ActiveCfg = Release|Any CPU
		{962CE42F-618F-439D-A6FB-B0AE0C762C3C}.Release|x64.Build.0 = Release|Any CPU
		{962CE42F-618F-439D-A6FB-B0AE0C762C3C}.Release|x86.ActiveCfg = Release|x86
		{962CE42F-618F-439D-A6FB-B0AE0C762C3C}.Release|x86.Build.0 = Release|x86
		{41722007-4492-4FF5-B21D-586E3C54BEC2}.Debug|Any CPU.ActiveCfg = Debug|Any CPU
		{41722007-4492-4FF5-B21D-586E3C54BEC2}.Debug|Any CPU.Build.0 = Debug|Any CPU
		{41722007-4492-4FF5-B21D-586E3C54BEC2}.Debug|x64.ActiveCfg = Debug|Any CPU
		{41722007-4492-4FF5-B21D-586E3C54BEC2}.Debug|x64.Build.0 = Debug|Any CPU
		{41722007-4492-4FF5-B21D-586E3C54BEC2}.Debug|x86.ActiveCfg = Debug|x86
		{41722007-4492-4FF5-B21D-586E3C54BEC2}.Debug|x86.Build.0 = Debug|x86
		{41722007-4492-4FF5-B21D-586E3C54BEC2}.Release|Any CPU.ActiveCfg = Release|Any CPU
		{41722007-4492-4FF5-B21D-586E3C54BEC2}.Release|Any CPU.Build.0 = Release|Any CPU
		{41722007-4492-4FF5-B21D-586E3C54BEC2}.Release|x64.ActiveCfg = Release|Any CPU
		{41722007-4492-4FF5-B21D-586E3C54BEC2}.Release|x64.Build.0 = Release|Any CPU
		{41722007-4492-4FF5-B21D-586E3C54BEC2}.Release|x86.ActiveCfg = Release|x86
		{41722007-4492-4FF5-B21D-586E3C54BEC2}.Release|x86.Build.0 = Release|x86
		{9F03A749-0778-48D1-B8F2-09B1DA439548}.Debug|Any CPU.ActiveCfg = Debug|Any CPU
		{9F03A749-0778-48D1-B8F2-09B1DA439548}.Debug|Any CPU.Build.0 = Debug|Any CPU
		{9F03A749-0778-48D1-B8F2-09B1DA439548}.Debug|x64.ActiveCfg = Debug|Any CPU
		{9F03A749-0778-48D1-B8F2-09B1DA439548}.Debug|x64.Build.0 = Debug|Any CPU
		{9F03A749-0778-48D1-B8F2-09B1DA439548}.Debug|x86.ActiveCfg = Debug|x86
		{9F03A749-0778-48D1-B8F2-09B1DA439548}.Debug|x86.Build.0 = Debug|x86
		{9F03A749-0778-48D1-B8F2-09B1DA439548}.Release|Any CPU.ActiveCfg = Release|Any CPU
		{9F03A749-0778-48D1-B8F2-09B1DA439548}.Release|Any CPU.Build.0 = Release|Any CPU
		{9F03A749-0778-48D1-B8F2-09B1DA439548}.Release|x64.ActiveCfg = Release|Any CPU
		{9F03A749-0778-48D1-B8F2-09B1DA439548}.Release|x64.Build.0 = Release|Any CPU
		{9F03A749-0778-48D1-B8F2-09B1DA439548}.Release|x86.ActiveCfg = Release|x86
		{9F03A749-0778-48D1-B8F2-09B1DA439548}.Release|x86.Build.0 = Release|x86
		{0EFCBF6B-92C2-418C-A31A-EECAC02E1B87}.Debug|Any CPU.ActiveCfg = Debug|Any CPU
		{0EFCBF6B-92C2-418C-A31A-EECAC02E1B87}.Debug|Any CPU.Build.0 = Debug|Any CPU
		{0EFCBF6B-92C2-418C-A31A-EECAC02E1B87}.Debug|x64.ActiveCfg = Debug|Any CPU
		{0EFCBF6B-92C2-418C-A31A-EECAC02E1B87}.Debug|x64.Build.0 = Debug|Any CPU
		{0EFCBF6B-92C2-418C-A31A-EECAC02E1B87}.Debug|x86.ActiveCfg = Debug|x86
		{0EFCBF6B-92C2-418C-A31A-EECAC02E1B87}.Debug|x86.Build.0 = Debug|x86
		{0EFCBF6B-92C2-418C-A31A-EECAC02E1B87}.Release|Any CPU.ActiveCfg = Release|Any CPU
		{0EFCBF6B-92C2-418C-A31A-EECAC02E1B87}.Release|Any CPU.Build.0 = Release|Any CPU
		{0EFCBF6B-92C2-418C-A31A-EECAC02E1B87}.Release|x64.ActiveCfg = Release|Any CPU
		{0EFCBF6B-92C2-418C-A31A-EECAC02E1B87}.Release|x64.Build.0 = Release|Any CPU
		{0EFCBF6B-92C2-418C-A31A-EECAC02E1B87}.Release|x86.ActiveCfg = Release|x86
		{0EFCBF6B-92C2-418C-A31A-EECAC02E1B87}.Release|x86.Build.0 = Release|x86
		{F2D7A07D-D089-43CD-AAF7-31ABD9F6DEF9}.Debug|Any CPU.ActiveCfg = Debug|Any CPU
		{F2D7A07D-D089-43CD-AAF7-31ABD9F6DEF9}.Debug|Any CPU.Build.0 = Debug|Any CPU
		{F2D7A07D-D089-43CD-AAF7-31ABD9F6DEF9}.Debug|x64.ActiveCfg = Debug|Any CPU
		{F2D7A07D-D089-43CD-AAF7-31ABD9F6DEF9}.Debug|x64.Build.0 = Debug|Any CPU
		{F2D7A07D-D089-43CD-AAF7-31ABD9F6DEF9}.Debug|x86.ActiveCfg = Debug|x86
		{F2D7A07D-D089-43CD-AAF7-31ABD9F6DEF9}.Debug|x86.Build.0 = Debug|x86
		{F2D7A07D-D089-43CD-AAF7-31ABD9F6DEF9}.Release|Any CPU.ActiveCfg = Release|Any CPU
		{F2D7A07D-D089-43CD-AAF7-31ABD9F6DEF9}.Release|Any CPU.Build.0 = Release|Any CPU
		{F2D7A07D-D089-43CD-AAF7-31ABD9F6DEF9}.Release|x64.ActiveCfg = Release|Any CPU
		{F2D7A07D-D089-43CD-AAF7-31ABD9F6DEF9}.Release|x64.Build.0 = Release|Any CPU
		{F2D7A07D-D089-43CD-AAF7-31ABD9F6DEF9}.Release|x86.ActiveCfg = Release|x86
		{F2D7A07D-D089-43CD-AAF7-31ABD9F6DEF9}.Release|x86.Build.0 = Release|x86
		{C3046B97-4D68-4DF1-A2EA-BA3B39A0F97C}.Debug|Any CPU.ActiveCfg = Debug|Any CPU
		{C3046B97-4D68-4DF1-A2EA-BA3B39A0F97C}.Debug|Any CPU.Build.0 = Debug|Any CPU
		{C3046B97-4D68-4DF1-A2EA-BA3B39A0F97C}.Debug|x64.ActiveCfg = Debug|Any CPU
		{C3046B97-4D68-4DF1-A2EA-BA3B39A0F97C}.Debug|x64.Build.0 = Debug|Any CPU
		{C3046B97-4D68-4DF1-A2EA-BA3B39A0F97C}.Debug|x86.ActiveCfg = Debug|x86
		{C3046B97-4D68-4DF1-A2EA-BA3B39A0F97C}.Debug|x86.Build.0 = Debug|x86
		{C3046B97-4D68-4DF1-A2EA-BA3B39A0F97C}.Release|Any CPU.ActiveCfg = Release|Any CPU
		{C3046B97-4D68-4DF1-A2EA-BA3B39A0F97C}.Release|Any CPU.Build.0 = Release|Any CPU
		{C3046B97-4D68-4DF1-A2EA-BA3B39A0F97C}.Release|x64.ActiveCfg = Release|Any CPU
		{C3046B97-4D68-4DF1-A2EA-BA3B39A0F97C}.Release|x64.Build.0 = Release|Any CPU
		{C3046B97-4D68-4DF1-A2EA-BA3B39A0F97C}.Release|x86.ActiveCfg = Release|x86
		{C3046B97-4D68-4DF1-A2EA-BA3B39A0F97C}.Release|x86.Build.0 = Release|x86
		{69D132D9-3DFF-4484-8F91-D3E5D4A6A791}.Debug|Any CPU.ActiveCfg = Debug|Any CPU
		{69D132D9-3DFF-4484-8F91-D3E5D4A6A791}.Debug|Any CPU.Build.0 = Debug|Any CPU
		{69D132D9-3DFF-4484-8F91-D3E5D4A6A791}.Debug|x64.ActiveCfg = Debug|Any CPU
		{69D132D9-3DFF-4484-8F91-D3E5D4A6A791}.Debug|x64.Build.0 = Debug|Any CPU
		{69D132D9-3DFF-4484-8F91-D3E5D4A6A791}.Debug|x86.ActiveCfg = Debug|x86
		{69D132D9-3DFF-4484-8F91-D3E5D4A6A791}.Debug|x86.Build.0 = Debug|x86
		{69D132D9-3DFF-4484-8F91-D3E5D4A6A791}.Release|Any CPU.ActiveCfg = Release|Any CPU
		{69D132D9-3DFF-4484-8F91-D3E5D4A6A791}.Release|Any CPU.Build.0 = Release|Any CPU
		{69D132D9-3DFF-4484-8F91-D3E5D4A6A791}.Release|x64.ActiveCfg = Release|Any CPU
		{69D132D9-3DFF-4484-8F91-D3E5D4A6A791}.Release|x64.Build.0 = Release|Any CPU
		{69D132D9-3DFF-4484-8F91-D3E5D4A6A791}.Release|x86.ActiveCfg = Release|x86
		{69D132D9-3DFF-4484-8F91-D3E5D4A6A791}.Release|x86.Build.0 = Release|x86
		{933128A4-D800-4004-A317-BCB20B8EF69E}.Debug|Any CPU.ActiveCfg = Debug|Any CPU
		{933128A4-D800-4004-A317-BCB20B8EF69E}.Debug|Any CPU.Build.0 = Debug|Any CPU
		{933128A4-D800-4004-A317-BCB20B8EF69E}.Debug|x64.ActiveCfg = Debug|Any CPU
		{933128A4-D800-4004-A317-BCB20B8EF69E}.Debug|x64.Build.0 = Debug|Any CPU
		{933128A4-D800-4004-A317-BCB20B8EF69E}.Debug|x86.ActiveCfg = Debug|x86
		{933128A4-D800-4004-A317-BCB20B8EF69E}.Debug|x86.Build.0 = Debug|x86
		{933128A4-D800-4004-A317-BCB20B8EF69E}.Release|Any CPU.ActiveCfg = Release|Any CPU
		{933128A4-D800-4004-A317-BCB20B8EF69E}.Release|Any CPU.Build.0 = Release|Any CPU
		{933128A4-D800-4004-A317-BCB20B8EF69E}.Release|x64.ActiveCfg = Release|Any CPU
		{933128A4-D800-4004-A317-BCB20B8EF69E}.Release|x64.Build.0 = Release|Any CPU
		{933128A4-D800-4004-A317-BCB20B8EF69E}.Release|x86.ActiveCfg = Release|x86
		{933128A4-D800-4004-A317-BCB20B8EF69E}.Release|x86.Build.0 = Release|x86
		{B3E4107C-D0D2-48F8-A8BF-A2E8B7396742}.Debug|Any CPU.ActiveCfg = Debug|Any CPU
		{B3E4107C-D0D2-48F8-A8BF-A2E8B7396742}.Debug|Any CPU.Build.0 = Debug|Any CPU
		{B3E4107C-D0D2-48F8-A8BF-A2E8B7396742}.Debug|x64.ActiveCfg = Debug|Any CPU
		{B3E4107C-D0D2-48F8-A8BF-A2E8B7396742}.Debug|x64.Build.0 = Debug|Any CPU
		{B3E4107C-D0D2-48F8-A8BF-A2E8B7396742}.Debug|x86.ActiveCfg = Debug|x86
		{B3E4107C-D0D2-48F8-A8BF-A2E8B7396742}.Debug|x86.Build.0 = Debug|x86
		{B3E4107C-D0D2-48F8-A8BF-A2E8B7396742}.Release|Any CPU.ActiveCfg = Release|Any CPU
		{B3E4107C-D0D2-48F8-A8BF-A2E8B7396742}.Release|Any CPU.Build.0 = Release|Any CPU
		{B3E4107C-D0D2-48F8-A8BF-A2E8B7396742}.Release|x64.ActiveCfg = Release|Any CPU
		{B3E4107C-D0D2-48F8-A8BF-A2E8B7396742}.Release|x64.Build.0 = Release|Any CPU
		{B3E4107C-D0D2-48F8-A8BF-A2E8B7396742}.Release|x86.ActiveCfg = Release|x86
		{B3E4107C-D0D2-48F8-A8BF-A2E8B7396742}.Release|x86.Build.0 = Release|x86
		{F2F59EBE-A276-4D7E-94BA-34E7E7FC2C86}.Debug|Any CPU.ActiveCfg = Debug|Any CPU
		{F2F59EBE-A276-4D7E-94BA-34E7E7FC2C86}.Debug|Any CPU.Build.0 = Debug|Any CPU
		{F2F59EBE-A276-4D7E-94BA-34E7E7FC2C86}.Debug|x64.ActiveCfg = Debug|Any CPU
		{F2F59EBE-A276-4D7E-94BA-34E7E7FC2C86}.Debug|x64.Build.0 = Debug|Any CPU
		{F2F59EBE-A276-4D7E-94BA-34E7E7FC2C86}.Debug|x86.ActiveCfg = Debug|x86
		{F2F59EBE-A276-4D7E-94BA-34E7E7FC2C86}.Debug|x86.Build.0 = Debug|x86
		{F2F59EBE-A276-4D7E-94BA-34E7E7FC2C86}.Release|Any CPU.ActiveCfg = Release|Any CPU
		{F2F59EBE-A276-4D7E-94BA-34E7E7FC2C86}.Release|Any CPU.Build.0 = Release|Any CPU
		{F2F59EBE-A276-4D7E-94BA-34E7E7FC2C86}.Release|x64.ActiveCfg = Release|Any CPU
		{F2F59EBE-A276-4D7E-94BA-34E7E7FC2C86}.Release|x64.Build.0 = Release|Any CPU
		{F2F59EBE-A276-4D7E-94BA-34E7E7FC2C86}.Release|x86.ActiveCfg = Release|x86
		{F2F59EBE-A276-4D7E-94BA-34E7E7FC2C86}.Release|x86.Build.0 = Release|x86
		{6A6163DF-4F51-4ED8-9A96-C8F41B93A7A6}.Debug|Any CPU.ActiveCfg = Debug|Any CPU
		{6A6163DF-4F51-4ED8-9A96-C8F41B93A7A6}.Debug|Any CPU.Build.0 = Debug|Any CPU
		{6A6163DF-4F51-4ED8-9A96-C8F41B93A7A6}.Debug|x64.ActiveCfg = Debug|Any CPU
		{6A6163DF-4F51-4ED8-9A96-C8F41B93A7A6}.Debug|x64.Build.0 = Debug|Any CPU
		{6A6163DF-4F51-4ED8-9A96-C8F41B93A7A6}.Debug|x86.ActiveCfg = Debug|x86
		{6A6163DF-4F51-4ED8-9A96-C8F41B93A7A6}.Debug|x86.Build.0 = Debug|x86
		{6A6163DF-4F51-4ED8-9A96-C8F41B93A7A6}.Release|Any CPU.ActiveCfg = Release|Any CPU
		{6A6163DF-4F51-4ED8-9A96-C8F41B93A7A6}.Release|Any CPU.Build.0 = Release|Any CPU
		{6A6163DF-4F51-4ED8-9A96-C8F41B93A7A6}.Release|x64.ActiveCfg = Release|Any CPU
		{6A6163DF-4F51-4ED8-9A96-C8F41B93A7A6}.Release|x64.Build.0 = Release|Any CPU
		{6A6163DF-4F51-4ED8-9A96-C8F41B93A7A6}.Release|x86.ActiveCfg = Release|x86
		{6A6163DF-4F51-4ED8-9A96-C8F41B93A7A6}.Release|x86.Build.0 = Release|x86
		{608515C3-42E0-49A9-9895-8CA02592A70D}.Debug|Any CPU.ActiveCfg = Debug|Any CPU
		{608515C3-42E0-49A9-9895-8CA02592A70D}.Debug|Any CPU.Build.0 = Debug|Any CPU
		{608515C3-42E0-49A9-9895-8CA02592A70D}.Debug|x64.ActiveCfg = Debug|Any CPU
		{608515C3-42E0-49A9-9895-8CA02592A70D}.Debug|x64.Build.0 = Debug|Any CPU
		{608515C3-42E0-49A9-9895-8CA02592A70D}.Debug|x86.ActiveCfg = Debug|x86
		{608515C3-42E0-49A9-9895-8CA02592A70D}.Debug|x86.Build.0 = Debug|x86
		{608515C3-42E0-49A9-9895-8CA02592A70D}.Release|Any CPU.ActiveCfg = Release|Any CPU
		{608515C3-42E0-49A9-9895-8CA02592A70D}.Release|Any CPU.Build.0 = Release|Any CPU
		{608515C3-42E0-49A9-9895-8CA02592A70D}.Release|x64.ActiveCfg = Release|Any CPU
		{608515C3-42E0-49A9-9895-8CA02592A70D}.Release|x64.Build.0 = Release|Any CPU
		{608515C3-42E0-49A9-9895-8CA02592A70D}.Release|x86.ActiveCfg = Release|x86
		{608515C3-42E0-49A9-9895-8CA02592A70D}.Release|x86.Build.0 = Release|x86
		{6C994E26-AF39-4774-BE22-4AFF82586F23}.Debug|Any CPU.ActiveCfg = Debug|Any CPU
		{6C994E26-AF39-4774-BE22-4AFF82586F23}.Debug|Any CPU.Build.0 = Debug|Any CPU
		{6C994E26-AF39-4774-BE22-4AFF82586F23}.Debug|x64.ActiveCfg = Debug|Any CPU
		{6C994E26-AF39-4774-BE22-4AFF82586F23}.Debug|x64.Build.0 = Debug|Any CPU
		{6C994E26-AF39-4774-BE22-4AFF82586F23}.Debug|x86.ActiveCfg = Debug|x86
		{6C994E26-AF39-4774-BE22-4AFF82586F23}.Debug|x86.Build.0 = Debug|x86
		{6C994E26-AF39-4774-BE22-4AFF82586F23}.Release|Any CPU.ActiveCfg = Release|Any CPU
		{6C994E26-AF39-4774-BE22-4AFF82586F23}.Release|Any CPU.Build.0 = Release|Any CPU
		{6C994E26-AF39-4774-BE22-4AFF82586F23}.Release|x64.ActiveCfg = Release|Any CPU
		{6C994E26-AF39-4774-BE22-4AFF82586F23}.Release|x64.Build.0 = Release|Any CPU
		{6C994E26-AF39-4774-BE22-4AFF82586F23}.Release|x86.ActiveCfg = Release|x86
		{6C994E26-AF39-4774-BE22-4AFF82586F23}.Release|x86.Build.0 = Release|x86
		{9C88A13A-578B-4702-9B7E-426F57B04B82}.Debug|Any CPU.ActiveCfg = Debug|Any CPU
		{9C88A13A-578B-4702-9B7E-426F57B04B82}.Debug|Any CPU.Build.0 = Debug|Any CPU
		{9C88A13A-578B-4702-9B7E-426F57B04B82}.Debug|x64.ActiveCfg = Debug|Any CPU
		{9C88A13A-578B-4702-9B7E-426F57B04B82}.Debug|x64.Build.0 = Debug|Any CPU
		{9C88A13A-578B-4702-9B7E-426F57B04B82}.Debug|x86.ActiveCfg = Debug|x86
		{9C88A13A-578B-4702-9B7E-426F57B04B82}.Debug|x86.Build.0 = Debug|x86
		{9C88A13A-578B-4702-9B7E-426F57B04B82}.Release|Any CPU.ActiveCfg = Release|Any CPU
		{9C88A13A-578B-4702-9B7E-426F57B04B82}.Release|Any CPU.Build.0 = Release|Any CPU
		{9C88A13A-578B-4702-9B7E-426F57B04B82}.Release|x64.ActiveCfg = Release|Any CPU
		{9C88A13A-578B-4702-9B7E-426F57B04B82}.Release|x64.Build.0 = Release|Any CPU
		{9C88A13A-578B-4702-9B7E-426F57B04B82}.Release|x86.ActiveCfg = Release|x86
		{9C88A13A-578B-4702-9B7E-426F57B04B82}.Release|x86.Build.0 = Release|x86
		{80E9E90A-FC89-47ED-B08B-7595C386C97E}.Debug|Any CPU.ActiveCfg = Debug|Any CPU
		{80E9E90A-FC89-47ED-B08B-7595C386C97E}.Debug|Any CPU.Build.0 = Debug|Any CPU
		{80E9E90A-FC89-47ED-B08B-7595C386C97E}.Debug|x64.ActiveCfg = Debug|Any CPU
		{80E9E90A-FC89-47ED-B08B-7595C386C97E}.Debug|x64.Build.0 = Debug|Any CPU
		{80E9E90A-FC89-47ED-B08B-7595C386C97E}.Debug|x86.ActiveCfg = Debug|x86
		{80E9E90A-FC89-47ED-B08B-7595C386C97E}.Debug|x86.Build.0 = Debug|x86
		{80E9E90A-FC89-47ED-B08B-7595C386C97E}.Release|Any CPU.ActiveCfg = Release|Any CPU
		{80E9E90A-FC89-47ED-B08B-7595C386C97E}.Release|Any CPU.Build.0 = Release|Any CPU
		{80E9E90A-FC89-47ED-B08B-7595C386C97E}.Release|x64.ActiveCfg = Release|Any CPU
		{80E9E90A-FC89-47ED-B08B-7595C386C97E}.Release|x64.Build.0 = Release|Any CPU
		{80E9E90A-FC89-47ED-B08B-7595C386C97E}.Release|x86.ActiveCfg = Release|x86
		{80E9E90A-FC89-47ED-B08B-7595C386C97E}.Release|x86.Build.0 = Release|x86
		{8351C724-8E2E-4B11-A078-831CD8243D6B}.Debug|Any CPU.ActiveCfg = Debug|Any CPU
		{8351C724-8E2E-4B11-A078-831CD8243D6B}.Debug|Any CPU.Build.0 = Debug|Any CPU
		{8351C724-8E2E-4B11-A078-831CD8243D6B}.Debug|x64.ActiveCfg = Debug|Any CPU
		{8351C724-8E2E-4B11-A078-831CD8243D6B}.Debug|x64.Build.0 = Debug|Any CPU
		{8351C724-8E2E-4B11-A078-831CD8243D6B}.Debug|x86.ActiveCfg = Debug|x86
		{8351C724-8E2E-4B11-A078-831CD8243D6B}.Debug|x86.Build.0 = Debug|x86
		{8351C724-8E2E-4B11-A078-831CD8243D6B}.Release|Any CPU.ActiveCfg = Release|Any CPU
		{8351C724-8E2E-4B11-A078-831CD8243D6B}.Release|Any CPU.Build.0 = Release|Any CPU
		{8351C724-8E2E-4B11-A078-831CD8243D6B}.Release|x64.ActiveCfg = Release|Any CPU
		{8351C724-8E2E-4B11-A078-831CD8243D6B}.Release|x64.Build.0 = Release|Any CPU
		{8351C724-8E2E-4B11-A078-831CD8243D6B}.Release|x86.ActiveCfg = Release|x86
		{8351C724-8E2E-4B11-A078-831CD8243D6B}.Release|x86.Build.0 = Release|x86
		{E0EE606A-680E-4050-AE66-446E7CF50DC3}.Debug|Any CPU.ActiveCfg = Debug|Any CPU
		{E0EE606A-680E-4050-AE66-446E7CF50DC3}.Debug|Any CPU.Build.0 = Debug|Any CPU
		{E0EE606A-680E-4050-AE66-446E7CF50DC3}.Debug|x64.ActiveCfg = Debug|Any CPU
		{E0EE606A-680E-4050-AE66-446E7CF50DC3}.Debug|x64.Build.0 = Debug|Any CPU
		{E0EE606A-680E-4050-AE66-446E7CF50DC3}.Debug|x86.ActiveCfg = Debug|x86
		{E0EE606A-680E-4050-AE66-446E7CF50DC3}.Debug|x86.Build.0 = Debug|x86
		{E0EE606A-680E-4050-AE66-446E7CF50DC3}.Release|Any CPU.ActiveCfg = Release|Any CPU
		{E0EE606A-680E-4050-AE66-446E7CF50DC3}.Release|Any CPU.Build.0 = Release|Any CPU
		{E0EE606A-680E-4050-AE66-446E7CF50DC3}.Release|x64.ActiveCfg = Release|Any CPU
		{E0EE606A-680E-4050-AE66-446E7CF50DC3}.Release|x64.Build.0 = Release|Any CPU
		{E0EE606A-680E-4050-AE66-446E7CF50DC3}.Release|x86.ActiveCfg = Release|x86
		{E0EE606A-680E-4050-AE66-446E7CF50DC3}.Release|x86.Build.0 = Release|x86
		{0EE5707D-AD84-4BCC-9654-D645D25CA3FA}.Debug|Any CPU.ActiveCfg = Debug|Any CPU
		{0EE5707D-AD84-4BCC-9654-D645D25CA3FA}.Debug|Any CPU.Build.0 = Debug|Any CPU
		{0EE5707D-AD84-4BCC-9654-D645D25CA3FA}.Debug|x64.ActiveCfg = Debug|Any CPU
		{0EE5707D-AD84-4BCC-9654-D645D25CA3FA}.Debug|x64.Build.0 = Debug|Any CPU
		{0EE5707D-AD84-4BCC-9654-D645D25CA3FA}.Debug|x86.ActiveCfg = Debug|x86
		{0EE5707D-AD84-4BCC-9654-D645D25CA3FA}.Debug|x86.Build.0 = Debug|x86
		{0EE5707D-AD84-4BCC-9654-D645D25CA3FA}.Release|Any CPU.ActiveCfg = Release|Any CPU
		{0EE5707D-AD84-4BCC-9654-D645D25CA3FA}.Release|Any CPU.Build.0 = Release|Any CPU
		{0EE5707D-AD84-4BCC-9654-D645D25CA3FA}.Release|x64.ActiveCfg = Release|Any CPU
		{0EE5707D-AD84-4BCC-9654-D645D25CA3FA}.Release|x64.Build.0 = Release|Any CPU
		{0EE5707D-AD84-4BCC-9654-D645D25CA3FA}.Release|x86.ActiveCfg = Release|x86
		{0EE5707D-AD84-4BCC-9654-D645D25CA3FA}.Release|x86.Build.0 = Release|x86
		{F5AB0F9D-0819-483B-8A46-5E50D892B65C}.Debug|Any CPU.ActiveCfg = Debug|Any CPU
		{F5AB0F9D-0819-483B-8A46-5E50D892B65C}.Debug|Any CPU.Build.0 = Debug|Any CPU
		{F5AB0F9D-0819-483B-8A46-5E50D892B65C}.Debug|x64.ActiveCfg = Debug|Any CPU
		{F5AB0F9D-0819-483B-8A46-5E50D892B65C}.Debug|x64.Build.0 = Debug|Any CPU
		{F5AB0F9D-0819-483B-8A46-5E50D892B65C}.Debug|x86.ActiveCfg = Debug|x86
		{F5AB0F9D-0819-483B-8A46-5E50D892B65C}.Debug|x86.Build.0 = Debug|x86
		{F5AB0F9D-0819-483B-8A46-5E50D892B65C}.Release|Any CPU.ActiveCfg = Release|Any CPU
		{F5AB0F9D-0819-483B-8A46-5E50D892B65C}.Release|Any CPU.Build.0 = Release|Any CPU
		{F5AB0F9D-0819-483B-8A46-5E50D892B65C}.Release|x64.ActiveCfg = Release|Any CPU
		{F5AB0F9D-0819-483B-8A46-5E50D892B65C}.Release|x64.Build.0 = Release|Any CPU
		{F5AB0F9D-0819-483B-8A46-5E50D892B65C}.Release|x86.ActiveCfg = Release|x86
		{F5AB0F9D-0819-483B-8A46-5E50D892B65C}.Release|x86.Build.0 = Release|x86
		{CD8D0C07-7BD6-45C7-AFC3-83C8233498E5}.Debug|Any CPU.ActiveCfg = Debug|Any CPU
		{CD8D0C07-7BD6-45C7-AFC3-83C8233498E5}.Debug|Any CPU.Build.0 = Debug|Any CPU
		{CD8D0C07-7BD6-45C7-AFC3-83C8233498E5}.Debug|x64.ActiveCfg = Debug|Any CPU
		{CD8D0C07-7BD6-45C7-AFC3-83C8233498E5}.Debug|x64.Build.0 = Debug|Any CPU
		{CD8D0C07-7BD6-45C7-AFC3-83C8233498E5}.Debug|x86.ActiveCfg = Debug|x86
		{CD8D0C07-7BD6-45C7-AFC3-83C8233498E5}.Debug|x86.Build.0 = Debug|x86
		{CD8D0C07-7BD6-45C7-AFC3-83C8233498E5}.Release|Any CPU.ActiveCfg = Release|Any CPU
		{CD8D0C07-7BD6-45C7-AFC3-83C8233498E5}.Release|Any CPU.Build.0 = Release|Any CPU
		{CD8D0C07-7BD6-45C7-AFC3-83C8233498E5}.Release|x64.ActiveCfg = Release|Any CPU
		{CD8D0C07-7BD6-45C7-AFC3-83C8233498E5}.Release|x64.Build.0 = Release|Any CPU
		{CD8D0C07-7BD6-45C7-AFC3-83C8233498E5}.Release|x86.ActiveCfg = Release|x86
		{CD8D0C07-7BD6-45C7-AFC3-83C8233498E5}.Release|x86.Build.0 = Release|x86
		{93AACAC3-7C0F-4807-A15C-B4D208F171F6}.Debug|Any CPU.ActiveCfg = Debug|Any CPU
		{93AACAC3-7C0F-4807-A15C-B4D208F171F6}.Debug|Any CPU.Build.0 = Debug|Any CPU
		{93AACAC3-7C0F-4807-A15C-B4D208F171F6}.Debug|x64.ActiveCfg = Debug|Any CPU
		{93AACAC3-7C0F-4807-A15C-B4D208F171F6}.Debug|x64.Build.0 = Debug|Any CPU
		{93AACAC3-7C0F-4807-A15C-B4D208F171F6}.Debug|x86.ActiveCfg = Debug|x86
		{93AACAC3-7C0F-4807-A15C-B4D208F171F6}.Debug|x86.Build.0 = Debug|x86
		{93AACAC3-7C0F-4807-A15C-B4D208F171F6}.Release|Any CPU.ActiveCfg = Release|Any CPU
		{93AACAC3-7C0F-4807-A15C-B4D208F171F6}.Release|Any CPU.Build.0 = Release|Any CPU
		{93AACAC3-7C0F-4807-A15C-B4D208F171F6}.Release|x64.ActiveCfg = Release|Any CPU
		{93AACAC3-7C0F-4807-A15C-B4D208F171F6}.Release|x64.Build.0 = Release|Any CPU
		{93AACAC3-7C0F-4807-A15C-B4D208F171F6}.Release|x86.ActiveCfg = Release|x86
		{93AACAC3-7C0F-4807-A15C-B4D208F171F6}.Release|x86.Build.0 = Release|x86
		{81A103B4-2DD3-427F-8DDF-7559B69CD716}.Debug|Any CPU.ActiveCfg = Debug|Any CPU
		{81A103B4-2DD3-427F-8DDF-7559B69CD716}.Debug|Any CPU.Build.0 = Debug|Any CPU
		{81A103B4-2DD3-427F-8DDF-7559B69CD716}.Debug|x64.ActiveCfg = Debug|Any CPU
		{81A103B4-2DD3-427F-8DDF-7559B69CD716}.Debug|x64.Build.0 = Debug|Any CPU
		{81A103B4-2DD3-427F-8DDF-7559B69CD716}.Debug|x86.ActiveCfg = Debug|x86
		{81A103B4-2DD3-427F-8DDF-7559B69CD716}.Debug|x86.Build.0 = Debug|x86
		{81A103B4-2DD3-427F-8DDF-7559B69CD716}.Release|Any CPU.ActiveCfg = Release|Any CPU
		{81A103B4-2DD3-427F-8DDF-7559B69CD716}.Release|Any CPU.Build.0 = Release|Any CPU
		{81A103B4-2DD3-427F-8DDF-7559B69CD716}.Release|x64.ActiveCfg = Release|Any CPU
		{81A103B4-2DD3-427F-8DDF-7559B69CD716}.Release|x64.Build.0 = Release|Any CPU
		{81A103B4-2DD3-427F-8DDF-7559B69CD716}.Release|x86.ActiveCfg = Release|x86
		{81A103B4-2DD3-427F-8DDF-7559B69CD716}.Release|x86.Build.0 = Release|x86
		{137CB017-C588-4070-9BC3-E739760958D8}.Debug|Any CPU.ActiveCfg = Debug|Any CPU
		{137CB017-C588-4070-9BC3-E739760958D8}.Debug|Any CPU.Build.0 = Debug|Any CPU
		{137CB017-C588-4070-9BC3-E739760958D8}.Debug|x64.ActiveCfg = Debug|Any CPU
		{137CB017-C588-4070-9BC3-E739760958D8}.Debug|x64.Build.0 = Debug|Any CPU
		{137CB017-C588-4070-9BC3-E739760958D8}.Debug|x86.ActiveCfg = Debug|x86
		{137CB017-C588-4070-9BC3-E739760958D8}.Debug|x86.Build.0 = Debug|x86
		{137CB017-C588-4070-9BC3-E739760958D8}.Release|Any CPU.ActiveCfg = Release|Any CPU
		{137CB017-C588-4070-9BC3-E739760958D8}.Release|Any CPU.Build.0 = Release|Any CPU
		{137CB017-C588-4070-9BC3-E739760958D8}.Release|x64.ActiveCfg = Release|Any CPU
		{137CB017-C588-4070-9BC3-E739760958D8}.Release|x64.Build.0 = Release|Any CPU
		{137CB017-C588-4070-9BC3-E739760958D8}.Release|x86.ActiveCfg = Release|x86
		{137CB017-C588-4070-9BC3-E739760958D8}.Release|x86.Build.0 = Release|x86
		{FC4004AA-187D-4B63-A4BD-AA9CDB3DAC55}.Debug|Any CPU.ActiveCfg = Debug|Any CPU
		{FC4004AA-187D-4B63-A4BD-AA9CDB3DAC55}.Debug|Any CPU.Build.0 = Debug|Any CPU
		{FC4004AA-187D-4B63-A4BD-AA9CDB3DAC55}.Debug|x64.ActiveCfg = Debug|Any CPU
		{FC4004AA-187D-4B63-A4BD-AA9CDB3DAC55}.Debug|x64.Build.0 = Debug|Any CPU
		{FC4004AA-187D-4B63-A4BD-AA9CDB3DAC55}.Debug|x86.ActiveCfg = Debug|x86
		{FC4004AA-187D-4B63-A4BD-AA9CDB3DAC55}.Debug|x86.Build.0 = Debug|x86
		{FC4004AA-187D-4B63-A4BD-AA9CDB3DAC55}.Release|Any CPU.ActiveCfg = Release|Any CPU
		{FC4004AA-187D-4B63-A4BD-AA9CDB3DAC55}.Release|Any CPU.Build.0 = Release|Any CPU
		{FC4004AA-187D-4B63-A4BD-AA9CDB3DAC55}.Release|x64.ActiveCfg = Release|Any CPU
		{FC4004AA-187D-4B63-A4BD-AA9CDB3DAC55}.Release|x64.Build.0 = Release|Any CPU
		{FC4004AA-187D-4B63-A4BD-AA9CDB3DAC55}.Release|x86.ActiveCfg = Release|x86
		{FC4004AA-187D-4B63-A4BD-AA9CDB3DAC55}.Release|x86.Build.0 = Release|x86
		{EE585057-FBA8-4023-99D7-11C5F6390D7A}.Debug|Any CPU.ActiveCfg = Debug|Any CPU
		{EE585057-FBA8-4023-99D7-11C5F6390D7A}.Debug|Any CPU.Build.0 = Debug|Any CPU
		{EE585057-FBA8-4023-99D7-11C5F6390D7A}.Debug|x64.ActiveCfg = Debug|Any CPU
		{EE585057-FBA8-4023-99D7-11C5F6390D7A}.Debug|x64.Build.0 = Debug|Any CPU
		{EE585057-FBA8-4023-99D7-11C5F6390D7A}.Debug|x86.ActiveCfg = Debug|x86
		{EE585057-FBA8-4023-99D7-11C5F6390D7A}.Debug|x86.Build.0 = Debug|x86
		{EE585057-FBA8-4023-99D7-11C5F6390D7A}.Release|Any CPU.ActiveCfg = Release|Any CPU
		{EE585057-FBA8-4023-99D7-11C5F6390D7A}.Release|Any CPU.Build.0 = Release|Any CPU
		{EE585057-FBA8-4023-99D7-11C5F6390D7A}.Release|x64.ActiveCfg = Release|Any CPU
		{EE585057-FBA8-4023-99D7-11C5F6390D7A}.Release|x64.Build.0 = Release|Any CPU
		{EE585057-FBA8-4023-99D7-11C5F6390D7A}.Release|x86.ActiveCfg = Release|x86
		{EE585057-FBA8-4023-99D7-11C5F6390D7A}.Release|x86.Build.0 = Release|x86
		{EC182409-4F3E-4E42-A1B2-798E65C1AFBD}.Debug|Any CPU.ActiveCfg = Debug|Any CPU
		{EC182409-4F3E-4E42-A1B2-798E65C1AFBD}.Debug|Any CPU.Build.0 = Debug|Any CPU
		{EC182409-4F3E-4E42-A1B2-798E65C1AFBD}.Debug|x64.ActiveCfg = Debug|Any CPU
		{EC182409-4F3E-4E42-A1B2-798E65C1AFBD}.Debug|x64.Build.0 = Debug|Any CPU
		{EC182409-4F3E-4E42-A1B2-798E65C1AFBD}.Debug|x86.ActiveCfg = Debug|x86
		{EC182409-4F3E-4E42-A1B2-798E65C1AFBD}.Debug|x86.Build.0 = Debug|x86
		{EC182409-4F3E-4E42-A1B2-798E65C1AFBD}.Release|Any CPU.ActiveCfg = Release|Any CPU
		{EC182409-4F3E-4E42-A1B2-798E65C1AFBD}.Release|Any CPU.Build.0 = Release|Any CPU
		{EC182409-4F3E-4E42-A1B2-798E65C1AFBD}.Release|x64.ActiveCfg = Release|Any CPU
		{EC182409-4F3E-4E42-A1B2-798E65C1AFBD}.Release|x64.Build.0 = Release|Any CPU
		{EC182409-4F3E-4E42-A1B2-798E65C1AFBD}.Release|x86.ActiveCfg = Release|x86
		{EC182409-4F3E-4E42-A1B2-798E65C1AFBD}.Release|x86.Build.0 = Release|x86
		{BB67629C-4FE0-415B-9B9E-24872E8C2121}.Debug|Any CPU.ActiveCfg = Debug|Any CPU
		{BB67629C-4FE0-415B-9B9E-24872E8C2121}.Debug|Any CPU.Build.0 = Debug|Any CPU
		{BB67629C-4FE0-415B-9B9E-24872E8C2121}.Debug|x64.ActiveCfg = Debug|Any CPU
		{BB67629C-4FE0-415B-9B9E-24872E8C2121}.Debug|x64.Build.0 = Debug|Any CPU
		{BB67629C-4FE0-415B-9B9E-24872E8C2121}.Debug|x86.ActiveCfg = Debug|x86
		{BB67629C-4FE0-415B-9B9E-24872E8C2121}.Debug|x86.Build.0 = Debug|x86
		{BB67629C-4FE0-415B-9B9E-24872E8C2121}.Release|Any CPU.ActiveCfg = Release|Any CPU
		{BB67629C-4FE0-415B-9B9E-24872E8C2121}.Release|Any CPU.Build.0 = Release|Any CPU
		{BB67629C-4FE0-415B-9B9E-24872E8C2121}.Release|x64.ActiveCfg = Release|Any CPU
		{BB67629C-4FE0-415B-9B9E-24872E8C2121}.Release|x64.Build.0 = Release|Any CPU
		{BB67629C-4FE0-415B-9B9E-24872E8C2121}.Release|x86.ActiveCfg = Release|x86
		{BB67629C-4FE0-415B-9B9E-24872E8C2121}.Release|x86.Build.0 = Release|x86
		{E8746B10-EAAF-44B7-95CC-29E4C42EC8D5}.Debug|Any CPU.ActiveCfg = Debug|Any CPU
		{E8746B10-EAAF-44B7-95CC-29E4C42EC8D5}.Debug|Any CPU.Build.0 = Debug|Any CPU
		{E8746B10-EAAF-44B7-95CC-29E4C42EC8D5}.Debug|x64.ActiveCfg = Debug|Any CPU
		{E8746B10-EAAF-44B7-95CC-29E4C42EC8D5}.Debug|x64.Build.0 = Debug|Any CPU
		{E8746B10-EAAF-44B7-95CC-29E4C42EC8D5}.Debug|x86.ActiveCfg = Debug|x86
		{E8746B10-EAAF-44B7-95CC-29E4C42EC8D5}.Debug|x86.Build.0 = Debug|x86
		{E8746B10-EAAF-44B7-95CC-29E4C42EC8D5}.Release|Any CPU.ActiveCfg = Release|Any CPU
		{E8746B10-EAAF-44B7-95CC-29E4C42EC8D5}.Release|Any CPU.Build.0 = Release|Any CPU
		{E8746B10-EAAF-44B7-95CC-29E4C42EC8D5}.Release|x64.ActiveCfg = Release|Any CPU
		{E8746B10-EAAF-44B7-95CC-29E4C42EC8D5}.Release|x64.Build.0 = Release|Any CPU
		{E8746B10-EAAF-44B7-95CC-29E4C42EC8D5}.Release|x86.ActiveCfg = Release|x86
		{E8746B10-EAAF-44B7-95CC-29E4C42EC8D5}.Release|x86.Build.0 = Release|x86
		{953A6848-58D6-4480-B333-DC2514711074}.Debug|Any CPU.ActiveCfg = Debug|Any CPU
		{953A6848-58D6-4480-B333-DC2514711074}.Debug|Any CPU.Build.0 = Debug|Any CPU
		{953A6848-58D6-4480-B333-DC2514711074}.Debug|x64.ActiveCfg = Debug|Any CPU
		{953A6848-58D6-4480-B333-DC2514711074}.Debug|x64.Build.0 = Debug|Any CPU
		{953A6848-58D6-4480-B333-DC2514711074}.Debug|x86.ActiveCfg = Debug|x86
		{953A6848-58D6-4480-B333-DC2514711074}.Debug|x86.Build.0 = Debug|x86
		{953A6848-58D6-4480-B333-DC2514711074}.Release|Any CPU.ActiveCfg = Release|Any CPU
		{953A6848-58D6-4480-B333-DC2514711074}.Release|Any CPU.Build.0 = Release|Any CPU
		{953A6848-58D6-4480-B333-DC2514711074}.Release|x64.ActiveCfg = Release|Any CPU
		{953A6848-58D6-4480-B333-DC2514711074}.Release|x64.Build.0 = Release|Any CPU
		{953A6848-58D6-4480-B333-DC2514711074}.Release|x86.ActiveCfg = Release|x86
		{953A6848-58D6-4480-B333-DC2514711074}.Release|x86.Build.0 = Release|x86
		{6AECE640-3953-45FA-B5C6-412753440072}.Debug|Any CPU.ActiveCfg = Debug|Any CPU
		{6AECE640-3953-45FA-B5C6-412753440072}.Debug|Any CPU.Build.0 = Debug|Any CPU
		{6AECE640-3953-45FA-B5C6-412753440072}.Debug|x64.ActiveCfg = Debug|Any CPU
		{6AECE640-3953-45FA-B5C6-412753440072}.Debug|x64.Build.0 = Debug|Any CPU
		{6AECE640-3953-45FA-B5C6-412753440072}.Debug|x86.ActiveCfg = Debug|x86
		{6AECE640-3953-45FA-B5C6-412753440072}.Debug|x86.Build.0 = Debug|x86
		{6AECE640-3953-45FA-B5C6-412753440072}.Release|Any CPU.ActiveCfg = Release|Any CPU
		{6AECE640-3953-45FA-B5C6-412753440072}.Release|Any CPU.Build.0 = Release|Any CPU
		{6AECE640-3953-45FA-B5C6-412753440072}.Release|x64.ActiveCfg = Release|Any CPU
		{6AECE640-3953-45FA-B5C6-412753440072}.Release|x64.Build.0 = Release|Any CPU
		{6AECE640-3953-45FA-B5C6-412753440072}.Release|x86.ActiveCfg = Release|Any CPU
		{6AECE640-3953-45FA-B5C6-412753440072}.Release|x86.Build.0 = Release|Any CPU
		{D15DD537-8D27-48C3-9CB1-05546FCBB89E}.Debug|Any CPU.ActiveCfg = Debug|Any CPU
		{D15DD537-8D27-48C3-9CB1-05546FCBB89E}.Debug|Any CPU.Build.0 = Debug|Any CPU
		{D15DD537-8D27-48C3-9CB1-05546FCBB89E}.Debug|x64.ActiveCfg = Debug|Any CPU
		{D15DD537-8D27-48C3-9CB1-05546FCBB89E}.Debug|x64.Build.0 = Debug|Any CPU
		{D15DD537-8D27-48C3-9CB1-05546FCBB89E}.Debug|x86.ActiveCfg = Debug|x86
		{D15DD537-8D27-48C3-9CB1-05546FCBB89E}.Debug|x86.Build.0 = Debug|x86
		{D15DD537-8D27-48C3-9CB1-05546FCBB89E}.Release|Any CPU.ActiveCfg = Release|Any CPU
		{D15DD537-8D27-48C3-9CB1-05546FCBB89E}.Release|Any CPU.Build.0 = Release|Any CPU
		{D15DD537-8D27-48C3-9CB1-05546FCBB89E}.Release|x64.ActiveCfg = Release|Any CPU
		{D15DD537-8D27-48C3-9CB1-05546FCBB89E}.Release|x64.Build.0 = Release|Any CPU
		{D15DD537-8D27-48C3-9CB1-05546FCBB89E}.Release|x86.ActiveCfg = Release|Any CPU
		{D15DD537-8D27-48C3-9CB1-05546FCBB89E}.Release|x86.Build.0 = Release|Any CPU
		{6B67DE73-C62A-46B9-8E85-8AA722001AD7}.Debug|Any CPU.ActiveCfg = Debug|Any CPU
		{6B67DE73-C62A-46B9-8E85-8AA722001AD7}.Debug|Any CPU.Build.0 = Debug|Any CPU
		{6B67DE73-C62A-46B9-8E85-8AA722001AD7}.Debug|x64.ActiveCfg = Debug|Any CPU
		{6B67DE73-C62A-46B9-8E85-8AA722001AD7}.Debug|x64.Build.0 = Debug|Any CPU
		{6B67DE73-C62A-46B9-8E85-8AA722001AD7}.Debug|x86.ActiveCfg = Debug|x86
		{6B67DE73-C62A-46B9-8E85-8AA722001AD7}.Debug|x86.Build.0 = Debug|x86
		{6B67DE73-C62A-46B9-8E85-8AA722001AD7}.Release|Any CPU.ActiveCfg = Release|Any CPU
		{6B67DE73-C62A-46B9-8E85-8AA722001AD7}.Release|Any CPU.Build.0 = Release|Any CPU
		{6B67DE73-C62A-46B9-8E85-8AA722001AD7}.Release|x64.ActiveCfg = Release|Any CPU
		{6B67DE73-C62A-46B9-8E85-8AA722001AD7}.Release|x64.Build.0 = Release|Any CPU
		{6B67DE73-C62A-46B9-8E85-8AA722001AD7}.Release|x86.ActiveCfg = Release|Any CPU
		{6B67DE73-C62A-46B9-8E85-8AA722001AD7}.Release|x86.Build.0 = Release|Any CPU
		{DE57F169-7E81-482F-9FDB-63775EE55326}.Debug|Any CPU.ActiveCfg = Debug|Any CPU
		{DE57F169-7E81-482F-9FDB-63775EE55326}.Debug|Any CPU.Build.0 = Debug|Any CPU
		{DE57F169-7E81-482F-9FDB-63775EE55326}.Debug|x64.ActiveCfg = Debug|Any CPU
		{DE57F169-7E81-482F-9FDB-63775EE55326}.Debug|x64.Build.0 = Debug|Any CPU
		{DE57F169-7E81-482F-9FDB-63775EE55326}.Debug|x86.ActiveCfg = Debug|x86
		{DE57F169-7E81-482F-9FDB-63775EE55326}.Debug|x86.Build.0 = Debug|x86
		{DE57F169-7E81-482F-9FDB-63775EE55326}.Release|Any CPU.ActiveCfg = Release|Any CPU
		{DE57F169-7E81-482F-9FDB-63775EE55326}.Release|Any CPU.Build.0 = Release|Any CPU
		{DE57F169-7E81-482F-9FDB-63775EE55326}.Release|x64.ActiveCfg = Release|Any CPU
		{DE57F169-7E81-482F-9FDB-63775EE55326}.Release|x64.Build.0 = Release|Any CPU
		{DE57F169-7E81-482F-9FDB-63775EE55326}.Release|x86.ActiveCfg = Release|Any CPU
		{DE57F169-7E81-482F-9FDB-63775EE55326}.Release|x86.Build.0 = Release|Any CPU
		{CB67AE6D-5929-40C0-8140-9BA589530127}.Debug|Any CPU.ActiveCfg = Debug|Any CPU
		{CB67AE6D-5929-40C0-8140-9BA589530127}.Debug|Any CPU.Build.0 = Debug|Any CPU
		{CB67AE6D-5929-40C0-8140-9BA589530127}.Debug|x64.ActiveCfg = Debug|Any CPU
		{CB67AE6D-5929-40C0-8140-9BA589530127}.Debug|x64.Build.0 = Debug|Any CPU
		{CB67AE6D-5929-40C0-8140-9BA589530127}.Debug|x86.ActiveCfg = Debug|x86
		{CB67AE6D-5929-40C0-8140-9BA589530127}.Debug|x86.Build.0 = Debug|x86
		{CB67AE6D-5929-40C0-8140-9BA589530127}.Release|Any CPU.ActiveCfg = Release|Any CPU
		{CB67AE6D-5929-40C0-8140-9BA589530127}.Release|Any CPU.Build.0 = Release|Any CPU
		{CB67AE6D-5929-40C0-8140-9BA589530127}.Release|x64.ActiveCfg = Release|Any CPU
		{CB67AE6D-5929-40C0-8140-9BA589530127}.Release|x64.Build.0 = Release|Any CPU
		{CB67AE6D-5929-40C0-8140-9BA589530127}.Release|x86.ActiveCfg = Release|Any CPU
		{CB67AE6D-5929-40C0-8140-9BA589530127}.Release|x86.Build.0 = Release|Any CPU
		{C7838A9E-0A09-4E51-A42C-3B5FF767BE1E}.Debug|Any CPU.ActiveCfg = Debug|Any CPU
		{C7838A9E-0A09-4E51-A42C-3B5FF767BE1E}.Debug|Any CPU.Build.0 = Debug|Any CPU
		{C7838A9E-0A09-4E51-A42C-3B5FF767BE1E}.Debug|x64.ActiveCfg = Debug|Any CPU
		{C7838A9E-0A09-4E51-A42C-3B5FF767BE1E}.Debug|x64.Build.0 = Debug|Any CPU
		{C7838A9E-0A09-4E51-A42C-3B5FF767BE1E}.Debug|x86.ActiveCfg = Debug|x86
		{C7838A9E-0A09-4E51-A42C-3B5FF767BE1E}.Debug|x86.Build.0 = Debug|x86
		{C7838A9E-0A09-4E51-A42C-3B5FF767BE1E}.Release|Any CPU.ActiveCfg = Release|Any CPU
		{C7838A9E-0A09-4E51-A42C-3B5FF767BE1E}.Release|Any CPU.Build.0 = Release|Any CPU
		{C7838A9E-0A09-4E51-A42C-3B5FF767BE1E}.Release|x64.ActiveCfg = Release|Any CPU
		{C7838A9E-0A09-4E51-A42C-3B5FF767BE1E}.Release|x64.Build.0 = Release|Any CPU
		{C7838A9E-0A09-4E51-A42C-3B5FF767BE1E}.Release|x86.ActiveCfg = Release|Any CPU
		{C7838A9E-0A09-4E51-A42C-3B5FF767BE1E}.Release|x86.Build.0 = Release|Any CPU
		{4D3A5CE3-959C-40C1-B113-E880584A1FFA}.Debug|Any CPU.ActiveCfg = Debug|Any CPU
		{4D3A5CE3-959C-40C1-B113-E880584A1FFA}.Debug|Any CPU.Build.0 = Debug|Any CPU
		{4D3A5CE3-959C-40C1-B113-E880584A1FFA}.Debug|x64.ActiveCfg = Debug|Any CPU
		{4D3A5CE3-959C-40C1-B113-E880584A1FFA}.Debug|x64.Build.0 = Debug|Any CPU
		{4D3A5CE3-959C-40C1-B113-E880584A1FFA}.Debug|x86.ActiveCfg = Debug|x86
		{4D3A5CE3-959C-40C1-B113-E880584A1FFA}.Debug|x86.Build.0 = Debug|x86
		{4D3A5CE3-959C-40C1-B113-E880584A1FFA}.Release|Any CPU.ActiveCfg = Release|Any CPU
		{4D3A5CE3-959C-40C1-B113-E880584A1FFA}.Release|Any CPU.Build.0 = Release|Any CPU
		{4D3A5CE3-959C-40C1-B113-E880584A1FFA}.Release|x64.ActiveCfg = Release|Any CPU
		{4D3A5CE3-959C-40C1-B113-E880584A1FFA}.Release|x64.Build.0 = Release|Any CPU
		{4D3A5CE3-959C-40C1-B113-E880584A1FFA}.Release|x86.ActiveCfg = Release|Any CPU
		{4D3A5CE3-959C-40C1-B113-E880584A1FFA}.Release|x86.Build.0 = Release|Any CPU
		{93F3F03D-93AD-4BEF-A470-11D107E427B1}.Debug|Any CPU.ActiveCfg = Debug|Any CPU
		{93F3F03D-93AD-4BEF-A470-11D107E427B1}.Debug|Any CPU.Build.0 = Debug|Any CPU
		{93F3F03D-93AD-4BEF-A470-11D107E427B1}.Debug|x64.ActiveCfg = Debug|Any CPU
		{93F3F03D-93AD-4BEF-A470-11D107E427B1}.Debug|x64.Build.0 = Debug|Any CPU
		{93F3F03D-93AD-4BEF-A470-11D107E427B1}.Debug|x86.ActiveCfg = Debug|x86
		{93F3F03D-93AD-4BEF-A470-11D107E427B1}.Debug|x86.Build.0 = Debug|x86
		{93F3F03D-93AD-4BEF-A470-11D107E427B1}.Release|Any CPU.ActiveCfg = Release|Any CPU
		{93F3F03D-93AD-4BEF-A470-11D107E427B1}.Release|Any CPU.Build.0 = Release|Any CPU
		{93F3F03D-93AD-4BEF-A470-11D107E427B1}.Release|x64.ActiveCfg = Release|Any CPU
		{93F3F03D-93AD-4BEF-A470-11D107E427B1}.Release|x64.Build.0 = Release|Any CPU
		{93F3F03D-93AD-4BEF-A470-11D107E427B1}.Release|x86.ActiveCfg = Release|Any CPU
		{93F3F03D-93AD-4BEF-A470-11D107E427B1}.Release|x86.Build.0 = Release|Any CPU
		{0395348A-4405-4D04-B5AC-436BA610513F}.Debug|Any CPU.ActiveCfg = Debug|Any CPU
		{0395348A-4405-4D04-B5AC-436BA610513F}.Debug|Any CPU.Build.0 = Debug|Any CPU
		{0395348A-4405-4D04-B5AC-436BA610513F}.Debug|x64.ActiveCfg = Debug|Any CPU
		{0395348A-4405-4D04-B5AC-436BA610513F}.Debug|x64.Build.0 = Debug|Any CPU
		{0395348A-4405-4D04-B5AC-436BA610513F}.Debug|x86.ActiveCfg = Debug|x86
		{0395348A-4405-4D04-B5AC-436BA610513F}.Debug|x86.Build.0 = Debug|x86
		{0395348A-4405-4D04-B5AC-436BA610513F}.Release|Any CPU.ActiveCfg = Release|Any CPU
		{0395348A-4405-4D04-B5AC-436BA610513F}.Release|Any CPU.Build.0 = Release|Any CPU
		{0395348A-4405-4D04-B5AC-436BA610513F}.Release|x64.ActiveCfg = Release|Any CPU
		{0395348A-4405-4D04-B5AC-436BA610513F}.Release|x64.Build.0 = Release|Any CPU
		{0395348A-4405-4D04-B5AC-436BA610513F}.Release|x86.ActiveCfg = Release|Any CPU
		{0395348A-4405-4D04-B5AC-436BA610513F}.Release|x86.Build.0 = Release|Any CPU
		{B967F1E9-B435-40FA-8FF5-BDA930CB79C6}.Debug|Any CPU.ActiveCfg = Debug|Any CPU
		{B967F1E9-B435-40FA-8FF5-BDA930CB79C6}.Debug|Any CPU.Build.0 = Debug|Any CPU
		{B967F1E9-B435-40FA-8FF5-BDA930CB79C6}.Debug|x64.ActiveCfg = Debug|Any CPU
		{B967F1E9-B435-40FA-8FF5-BDA930CB79C6}.Debug|x64.Build.0 = Debug|Any CPU
		{B967F1E9-B435-40FA-8FF5-BDA930CB79C6}.Debug|x86.ActiveCfg = Debug|x86
		{B967F1E9-B435-40FA-8FF5-BDA930CB79C6}.Debug|x86.Build.0 = Debug|x86
		{B967F1E9-B435-40FA-8FF5-BDA930CB79C6}.Release|Any CPU.ActiveCfg = Release|Any CPU
		{B967F1E9-B435-40FA-8FF5-BDA930CB79C6}.Release|Any CPU.Build.0 = Release|Any CPU
		{B967F1E9-B435-40FA-8FF5-BDA930CB79C6}.Release|x64.ActiveCfg = Release|Any CPU
		{B967F1E9-B435-40FA-8FF5-BDA930CB79C6}.Release|x64.Build.0 = Release|Any CPU
		{B967F1E9-B435-40FA-8FF5-BDA930CB79C6}.Release|x86.ActiveCfg = Release|Any CPU
		{B967F1E9-B435-40FA-8FF5-BDA930CB79C6}.Release|x86.Build.0 = Release|Any CPU
	EndGlobalSection
	GlobalSection(SolutionProperties) = preSolution
		HideSolutionNode = FALSE
	EndGlobalSection
	GlobalSection(NestedProjects) = preSolution
		{11EFCEA2-CE88-4605-904F-BE66A5F0E99E} = {8A595EF9-6824-491D-AD48-D6CEEAC0D033}
		{B73B6292-4BB9-44BA-ADB3-38AE836C3BA4} = {B01BE7A9-167B-4842-8AE3-F5F30CFE7A4E}
		{D5165FCE-81CA-4178-B620-55C33C32CFFA} = {B01BE7A9-167B-4842-8AE3-F5F30CFE7A4E}
		{73FEA5FA-3BA5-4FCC-B677-DF42EF9AAB8F} = {B01BE7A9-167B-4842-8AE3-F5F30CFE7A4E}
		{28B83D74-DC74-452B-8C29-D856BD4E663F} = {B01BE7A9-167B-4842-8AE3-F5F30CFE7A4E}
		{1B5D4295-A8DD-4CE9-8A09-156DBB02C1B6} = {CE287C85-60B1-4036-AE7E-0A4AAE858BA8}
		{9B4A8412-11FB-4224-AF04-1F4157C443B3} = {E6E5031E-EF37-48DE-93CC-C3C143193F9D}
		{962CE42F-618F-439D-A6FB-B0AE0C762C3C} = {E6E5031E-EF37-48DE-93CC-C3C143193F9D}
		{41722007-4492-4FF5-B21D-586E3C54BEC2} = {637DBD8B-DC2A-4264-86CD-66A0DA0B06DD}
		{9F03A749-0778-48D1-B8F2-09B1DA439548} = {637DBD8B-DC2A-4264-86CD-66A0DA0B06DD}
		{0EFCBF6B-92C2-418C-A31A-EECAC02E1B87} = {637DBD8B-DC2A-4264-86CD-66A0DA0B06DD}
		{F2D7A07D-D089-43CD-AAF7-31ABD9F6DEF9} = {637DBD8B-DC2A-4264-86CD-66A0DA0B06DD}
		{C3046B97-4D68-4DF1-A2EA-BA3B39A0F97C} = {637DBD8B-DC2A-4264-86CD-66A0DA0B06DD}
		{69D132D9-3DFF-4484-8F91-D3E5D4A6A791} = {637DBD8B-DC2A-4264-86CD-66A0DA0B06DD}
		{933128A4-D800-4004-A317-BCB20B8EF69E} = {637DBD8B-DC2A-4264-86CD-66A0DA0B06DD}
		{B3E4107C-D0D2-48F8-A8BF-A2E8B7396742} = {637DBD8B-DC2A-4264-86CD-66A0DA0B06DD}
		{F2F59EBE-A276-4D7E-94BA-34E7E7FC2C86} = {CE287C85-60B1-4036-AE7E-0A4AAE858BA8}
		{6A6163DF-4F51-4ED8-9A96-C8F41B93A7A6} = {CE287C85-60B1-4036-AE7E-0A4AAE858BA8}
		{608515C3-42E0-49A9-9895-8CA02592A70D} = {CE287C85-60B1-4036-AE7E-0A4AAE858BA8}
		{6C994E26-AF39-4774-BE22-4AFF82586F23} = {CE287C85-60B1-4036-AE7E-0A4AAE858BA8}
		{9C88A13A-578B-4702-9B7E-426F57B04B82} = {CE287C85-60B1-4036-AE7E-0A4AAE858BA8}
		{80E9E90A-FC89-47ED-B08B-7595C386C97E} = {CE287C85-60B1-4036-AE7E-0A4AAE858BA8}
		{8351C724-8E2E-4B11-A078-831CD8243D6B} = {CE287C85-60B1-4036-AE7E-0A4AAE858BA8}
		{E0EE606A-680E-4050-AE66-446E7CF50DC3} = {E6E5031E-EF37-48DE-93CC-C3C143193F9D}
		{0EE5707D-AD84-4BCC-9654-D645D25CA3FA} = {E6E5031E-EF37-48DE-93CC-C3C143193F9D}
		{F5AB0F9D-0819-483B-8A46-5E50D892B65C} = {E6E5031E-EF37-48DE-93CC-C3C143193F9D}
		{CD8D0C07-7BD6-45C7-AFC3-83C8233498E5} = {E6E5031E-EF37-48DE-93CC-C3C143193F9D}
		{93AACAC3-7C0F-4807-A15C-B4D208F171F6} = {E6E5031E-EF37-48DE-93CC-C3C143193F9D}
		{81A103B4-2DD3-427F-8DDF-7559B69CD716} = {E6E5031E-EF37-48DE-93CC-C3C143193F9D}
		{137CB017-C588-4070-9BC3-E739760958D8} = {E6E5031E-EF37-48DE-93CC-C3C143193F9D}
		{FC4004AA-187D-4B63-A4BD-AA9CDB3DAC55} = {E6E5031E-EF37-48DE-93CC-C3C143193F9D}
		{EE585057-FBA8-4023-99D7-11C5F6390D7A} = {637DBD8B-DC2A-4264-86CD-66A0DA0B06DD}
		{BB67629C-4FE0-415B-9B9E-24872E8C2121} = {B01BE7A9-167B-4842-8AE3-F5F30CFE7A4E}
		{E8746B10-EAAF-44B7-95CC-29E4C42EC8D5} = {B01BE7A9-167B-4842-8AE3-F5F30CFE7A4E}
		{953A6848-58D6-4480-B333-DC2514711074} = {B01BE7A9-167B-4842-8AE3-F5F30CFE7A4E}
		{6AECE640-3953-45FA-B5C6-412753440072} = {9FCB338D-F8F5-4998-90B1-A98FC08468E4}
		{D15DD537-8D27-48C3-9CB1-05546FCBB89E} = {9FCB338D-F8F5-4998-90B1-A98FC08468E4}
		{6B67DE73-C62A-46B9-8E85-8AA722001AD7} = {637DBD8B-DC2A-4264-86CD-66A0DA0B06DD}
		{DE57F169-7E81-482F-9FDB-63775EE55326} = {CE287C85-60B1-4036-AE7E-0A4AAE858BA8}
		{CB67AE6D-5929-40C0-8140-9BA589530127} = {E6E5031E-EF37-48DE-93CC-C3C143193F9D}
		{C7838A9E-0A09-4E51-A42C-3B5FF767BE1E} = {B01BE7A9-167B-4842-8AE3-F5F30CFE7A4E}
		{4D3A5CE3-959C-40C1-B113-E880584A1FFA} = {B01BE7A9-167B-4842-8AE3-F5F30CFE7A4E}
		{93F3F03D-93AD-4BEF-A470-11D107E427B1} = {637DBD8B-DC2A-4264-86CD-66A0DA0B06DD}
		{0395348A-4405-4D04-B5AC-436BA610513F} = {CE287C85-60B1-4036-AE7E-0A4AAE858BA8}
		{B967F1E9-B435-40FA-8FF5-BDA930CB79C6} = {E6E5031E-EF37-48DE-93CC-C3C143193F9D}
	EndGlobalSection
EndGlobal
